
Microsoft Visual Studio Solution File, Format Version 12.00
# Visual Studio 14
VisualStudioVersion = 14.0.22823.1
MinimumVisualStudioVersion = 10.0.40219.1
Project("{FAE04EC0-301F-11D3-BF4B-00C04F79EFBC}") = "FEZHat", "FEZHat\FEZHat.csproj", "{B9A8FC62-69BA-4B85-95D5-5933AF411562}"
EndProject
Project("{FAE04EC0-301F-11D3-BF4B-00C04F79EFBC}") = "FezHatTest", "FezHatTest\FezHatTest.csproj", "{3024D152-0599-44EC-A7D2-0C78B2354125}"
EndProject
Global
	GlobalSection(SolutionConfigurationPlatforms) = preSolution
		Debug|Any CPU = Debug|Any CPU
		Debug|ARM = Debug|ARM
		Debug|x64 = Debug|x64
		Debug|x86 = Debug|x86
		Release|Any CPU = Release|Any CPU
		Release|ARM = Release|ARM
		Release|x64 = Release|x64
		Release|x86 = Release|x86
	EndGlobalSection
	GlobalSection(ProjectConfigurationPlatforms) = postSolution
		{B9A8FC62-69BA-4B85-95D5-5933AF411562}.Debug|Any CPU.ActiveCfg = Debug|Any CPU
		{B9A8FC62-69BA-4B85-95D5-5933AF411562}.Debug|Any CPU.Build.0 = Debug|Any CPU
		{B9A8FC62-69BA-4B85-95D5-5933AF411562}.Debug|ARM.ActiveCfg = Debug|ARM
		{B9A8FC62-69BA-4B85-95D5-5933AF411562}.Debug|ARM.Build.0 = Debug|ARM
		{B9A8FC62-69BA-4B85-95D5-5933AF411562}.Debug|x64.ActiveCfg = Debug|x64
		{B9A8FC62-69BA-4B85-95D5-5933AF411562}.Debug|x64.Build.0 = Debug|x64
		{B9A8FC62-69BA-4B85-95D5-5933AF411562}.Debug|x86.ActiveCfg = Debug|x86
		{B9A8FC62-69BA-4B85-95D5-5933AF411562}.Debug|x86.Build.0 = Debug|x86
		{B9A8FC62-69BA-4B85-95D5-5933AF411562}.Release|Any CPU.ActiveCfg = Release|Any CPU
		{B9A8FC62-69BA-4B85-95D5-5933AF411562}.Release|Any CPU.Build.0 = Release|Any CPU
		{B9A8FC62-69BA-4B85-95D5-5933AF411562}.Release|ARM.ActiveCfg = Release|ARM
		{B9A8FC62-69BA-4B85-95D5-5933AF411562}.Release|ARM.Build.0 = Release|ARM
		{B9A8FC62-69BA-4B85-95D5-5933AF411562}.Release|x64.ActiveCfg = Release|x64
		{B9A8FC62-69BA-4B85-95D5-5933AF411562}.Release|x64.Build.0 = Release|x64
		{B9A8FC62-69BA-4B85-95D5-5933AF411562}.Release|x86.ActiveCfg = Release|x86
		{B9A8FC62-69BA-4B85-95D5-5933AF411562}.Release|x86.Build.0 = Release|x86
		{3024D152-0599-44EC-A7D2-0C78B2354125}.Debug|Any CPU.ActiveCfg = Debug|x86
		{3024D152-0599-44EC-A7D2-0C78B2354125}.Debug|ARM.ActiveCfg = Debug|ARM
		{3024D152-0599-44EC-A7D2-0C78B2354125}.Debug|ARM.Build.0 = Debug|ARM
		{3024D152-0599-44EC-A7D2-0C78B2354125}.Debug|ARM.Deploy.0 = Debug|ARM
		{3024D152-0599-44EC-A7D2-0C78B2354125}.Debug|x64.ActiveCfg = Debug|x64
		{3024D152-0599-44EC-A7D2-0C78B2354125}.Debug|x64.Build.0 = Debug|x64
		{3024D152-0599-44EC-A7D2-0C78B2354125}.Debug|x64.Deploy.0 = Debug|x64
		{3024D152-0599-44EC-A7D2-0C78B2354125}.Debug|x86.ActiveCfg = Debug|x86
		{3024D152-0599-44EC-A7D2-0C78B2354125}.Debug|x86.Build.0 = Debug|x86
		{3024D152-0599-44EC-A7D2-0C78B2354125}.Debug|x86.Deploy.0 = Debug|x86
		{3024D152-0599-44EC-A7D2-0C78B2354125}.Release|Any CPU.ActiveCfg = Release|x86
		{3024D152-0599-44EC-A7D2-0C78B2354125}.Release|ARM.ActiveCfg = Release|ARM
		{3024D152-0599-44EC-A7D2-0C78B2354125}.Release|ARM.Build.0 = Release|ARM
		{3024D152-0599-44EC-A7D2-0C78B2354125}.Release|ARM.Deploy.0 = Release|ARM
		{3024D152-0599-44EC-A7D2-0C78B2354125}.Release|x64.ActiveCfg = Release|x64
		{3024D152-0599-44EC-A7D2-0C78B2354125}.Release|x64.Build.0 = Release|x64
		{3024D152-0599-44EC-A7D2-0C78B2354125}.Release|x64.Deploy.0 = Release|x64
		{3024D152-0599-44EC-A7D2-0C78B2354125}.Release|x86.ActiveCfg = Release|x86
		{3024D152-0599-44EC-A7D2-0C78B2354125}.Release|x86.Build.0 = Release|x86
		{3024D152-0599-44EC-A7D2-0C78B2354125}.Release|x86.Deploy.0 = Release|x86
	EndGlobalSection
	GlobalSection(SolutionProperties) = preSolution
		HideSolutionNode = FALSE
	EndGlobalSection
EndGlobal
